{
  "name": "atelierjs",
  "version": "1.0.0",
  "lockfileVersion": 2,
  "requires": true,
  "packages": {
    "": {
      "name": "atelierjs",
      "version": "1.0.0",
      "license": "ISC",
      "dependencies": {
        "prompt-sync": "^4.2.0"
      }
    },
    "node_modules/ansi-regex": {
      "version": "4.1.1",
      "resolved": "https://pkgs.dev.azure.com/OneyPay/_packaging/OneyPay/npm/registry/ansi-regex/-/ansi-regex-4.1.1.tgz",
      "integrity": "sha1-Fk2qyHqy1vbbOimHXi0XZlgtq+0=",
      "license": "MIT",
      "engines": {
        "node": ">=6"
      }
    },
    "node_modules/prompt-sync": {
      "version": "4.2.0",
      "resolved": "https://pkgs.dev.azure.com/OneyPay/_packaging/OneyPay/npm/registry/prompt-sync/-/prompt-sync-4.2.0.tgz",
      "integrity": "sha1-AZj3PFtw47A+S5AzpQVAp8mh1/Q=",
      "license": "MIT",
      "dependencies": {
        "strip-ansi": "^5.0.0"
      }
    },
    "node_modules/strip-ansi": {
      "version": "5.2.0",
      "resolved": "https://pkgs.dev.azure.com/OneyPay/_packaging/OneyPay/npm/registry/strip-ansi/-/strip-ansi-5.2.0.tgz",
      "integrity": "sha1-jJpTb+tq/JYr36WxBKUJHBrZwK4=",
      "license": "MIT",
      "dependencies": {
        "ansi-regex": "^4.1.0"
      },
      "engines": {
        "node": ">=6"
      }
    }
  },
  "dependencies": {
    "ansi-regex": {
      "version": "4.1.1",
      "resolved": "https://pkgs.dev.azure.com/OneyPay/_packaging/OneyPay/npm/registry/ansi-regex/-/ansi-regex-4.1.1.tgz",
      "integrity": "sha1-Fk2qyHqy1vbbOimHXi0XZlgtq+0="
    },
    "prompt-sync": {
      "version": "4.2.0",
      "resolved": "https://pkgs.dev.azure.com/OneyPay/_packaging/OneyPay/npm/registry/prompt-sync/-/prompt-sync-4.2.0.tgz",
      "integrity": "sha1-AZj3PFtw47A+S5AzpQVAp8mh1/Q=",
      "requires": {
        "strip-ansi": "^5.0.0"
      }
    },
    "strip-ansi": {
      "version": "5.2.0",
      "resolved": "https://pkgs.dev.azure.com/OneyPay/_packaging/OneyPay/npm/registry/strip-ansi/-/strip-ansi-5.2.0.tgz",
      "integrity": "sha1-jJpTb+tq/JYr36WxBKUJHBrZwK4=",
      "requires": {
        "ansi-regex": "^4.1.0"
      }
    }
  }
}
